// !$*UTF8*$!
{
	archiveVersion = 1;
	classes = {
	};
	objectVersion = 77;
	objects = {

/* Begin PBXBuildFile section */
		0479529D2F9371CE00F22D56 /* PrivacyInfo.xcprivacy in Resources */ = {isa = PBXBuildFile; fileRef = 0479529C2F9371CE00F22D56 /* PrivacyInfo.xcprivacy */; };
		04BC366E2F88AA1500567CA7 /* JKSwiftExtension in Frameworks */ = {isa = PBXBuildFile; productRef = 04BC366D2F88AA1500567CA7 /* JKSwiftExtension */; };
		04BC3CF32F8C86C500567CA7 /* ZLImageEditor in Frameworks */ = {isa = PBXBuildFile; productRef = 04BC3CF22F8C86C500567CA7 /* ZLImageEditor */; };
		DBC09E0C99424B1F1DBDB55F /* Pods_HYPrinter.framework in Frameworks */ = {isa = PBXBuildFile; fileRef = 97CD8953FA4E2C2FCFB75ED1 /* Pods_HYPrinter.framework */; };
/* End PBXBuildFile section */

/* Begin PBXFileReference section */
		0479529C2F9371CE00F22D56 /* PrivacyInfo.xcprivacy */ = {isa = PBXFileReference; lastKnownFileType = text.xml; path = PrivacyInfo.xcprivacy; sourceTree = "<group>"; };
		04BC34252F88A34700567CA7 /* HYPrinter.app */ = {isa = PBXFileReference; explicitFileType = wrapper.application; includeInIndex = 0; path = HYPrinter.app; sourceTree = BUILT_PRODUCTS_DIR; };
		97CD8953FA4E2C2FCFB75ED1 /* Pods_HYPrinter.framework */ = {isa = PBXFileReference; explicitFileType = wrapper.framework; includeInIndex = 0; path = Pods_HYPrinter.framework; sourceTree = BUILT_PRODUCTS_DIR; };
		CCD9F747FF7B16F527493ABF /* Pods-HYPrinter.debug.xcconfig */ = {isa = PBXFileReference; includeInIndex = 1; lastKnownFileType = text.xcconfig; name = "Pods-HYPrinter.debug.xcconfig"; path = "Target Support Files/Pods-HYPrinter/Pods-HYPrinter.debug.xcconfig"; sourceTree = "<group>"; };
		D2914F874F390BF5D08FEBCB /* Pods-HYPrinter.release.xcconfig */ = {isa = PBXFileReference; includeInIndex = 1; lastKnownFileType = text.xcconfig; name = "Pods-HYPrinter.release.xcconfig"; path = "Target Support Files/Pods-HYPrinter/Pods-HYPrinter.release.xcconfig"; sourceTree = "<group>"; };
/* End PBXFileReference section */

/* Begin PBXFileSystemSynchronizedBuildFileExceptionSet section */
		04BC34372F88A34A00567CA7 /* Exceptions for "HYPrinter" folder in "HYPrinter" target */ = {
			isa = PBXFileSystemSynchronizedBuildFileExceptionSet;
			membershipExceptions = (
				Info.plist,
			);
			target = 04BC34242F88A34700567CA7 /* HYPrinter */;
		};
/* End PBXFileSystemSynchronizedBuildFileExceptionSet section */

/* Begin PBXFileSystemSynchronizedRootGroup section */
		04BC34272F88A34700567CA7 /* HYPrinter */ = {
			isa = PBXFileSystemSynchronizedRootGroup;
			exceptions = (
				04BC34372F88A34A00567CA7 /* Exceptions for "HYPrinter" folder in "HYPrinter" target */,
			);
			path = HYPrinter;
			sourceTree = "<group>";
		};
/* End PBXFileSystemSynchronizedRootGroup section */

/* Begin PBXFrameworksBuildPhase section */
		04BC34222F88A34700567CA7 /* Frameworks */ = {
			isa = PBXFrameworksBuildPhase;
			buildActionMask = 2147483647;
			files = (
				DBC09E0C99424B1F1DBDB55F /* Pods_HYPrinter.framework in Frameworks */,
				04BC366E2F88AA1500567CA7 /* JKSwiftExtension in Frameworks */,
				04BC3CF32F8C86C500567CA7 /* ZLImageEditor in Frameworks */,
			);
			runOnlyForDeploymentPostprocessing = 0;
		};
/* End PBXFrameworksBuildPhase section */

/* Begin PBXGroup section */
		04BC341C2F88A34700567CA7 = {
			isa = PBXGroup;
			children = (
				0479529C2F9371CE00F22D56 /* PrivacyInfo.xcprivacy */,
				04BC34272F88A34700567CA7 /* HYPrinter */,
				04BC34262F88A34700567CA7 /* Products */,
				9A67AFC1DFB76A60F649F573 /* Pods */,
				09F1E1EBFFC71E4CF278E30C /* Frameworks */,
			);
			sourceTree = "<group>";
		};
		04BC34262F88A34700567CA7 /* Products */ = {
			isa = PBXGroup;
			children = (
				04BC34252F88A34700567CA7 /* HYPrinter.app */,
			);
			name = Products;
			sourceTree = "<group>";
		};
		09F1E1EBFFC71E4CF278E30C /* Frameworks */ = {
			isa = PBXGroup;
			children = (
				97CD8953FA4E2C2FCFB75ED1 /* Pods_HYPrinter.framework */,
			);
			name = Frameworks;
			sourceTree = "<group>";
		};
		9A67AFC1DFB76A60F649F573 /* Pods */ = {
			isa = PBXGroup;
			children = (
				CCD9F747FF7B16F527493ABF /* Pods-HYPrinter.debug.xcconfig */,
				D2914F874F390BF5D08FEBCB /* Pods-HYPrinter.release.xcconfig */,
			);
			path = Pods;
			sourceTree = "<group>";
		};
/* End PBXGroup section */

/* Begin PBXNativeTarget section */
		04BC34242F88A34700567CA7 /* HYPrinter */ = {
			isa = PBXNativeTarget;
			buildConfigurationList = 04BC34382F88A34A00567CA7 /* Build configuration list for PBXNativeTarget "HYPrinter" */;
			buildPhases = (
				F014D79F32D49B700BCDF72B /* [CP] Check Pods Manifest.lock */,
				04BC34212F88A34700567CA7 /* Sources */,
				04BC34222F88A34700567CA7 /* Frameworks */,
				04BC34232F88A34700567CA7 /* Resources */,
				C4EDCBB147C77D56629AF2C1 /* [CP] Embed Pods Frameworks */,
			);
			buildRules = (
			);
			dependencies = (
			);
			fileSystemSynchronizedGroups = (
				04BC34272F88A34700567CA7 /* HYPrinter */,
			);
			name = HYPrinter;
			productName = HYPrinter;
			productReference = 04BC34252F88A34700567CA7 /* HYPrinter.app */;
			productType = "com.apple.product-type.application";
		};
/* End PBXNativeTarget section */

/* Begin PBXProject section */
		04BC341D2F88A34700567CA7 /* Project object */ = {
			isa = PBXProject;
			attributes = {
				BuildIndependentTargetsInParallel = 1;
				LastSwiftUpdateCheck = 2610;
				LastUpgradeCheck = 2610;
				TargetAttributes = {
					04BC34242F88A34700567CA7 = {
						CreatedOnToolsVersion = 26.1;
					};
				};
			};
			buildConfigurationList = 04BC34202F88A34700567CA7 /* Build configuration list for PBXProject "HYPrinter" */;
			developmentRegion = en;
			hasScannedForEncodings = 0;
			knownRegions = (
				en,
				Base,
			);
			mainGroup = 04BC341C2F88A34700567CA7;
			minimizedProjectReferenceProxies = 1;
			packageReferences = (
				04BC366C2F88AA1500567CA7 /* XCRemoteSwiftPackageReference "JKSwiftExtension" */,
				04BC3CF12F8C86C500567CA7 /* XCRemoteSwiftPackageReference "ZLImageEditor" */,
			);
			preferredProjectObjectVersion = 77;
			productRefGroup = 04BC34262F88A34700567CA7 /* Products */;
			projectDirPath = "";
			projectRoot = "";
			targets = (
				04BC34242F88A34700567CA7 /* HYPrinter */,
			);
		};
/* End PBXProject section */

/* Begin PBXResourcesBuildPhase section */
		04BC34232F88A34700567CA7 /* Resources */ = {
			isa = PBXResourcesBuildPhase;
			buildActionMask = 2147483647;
			files = (
				0479529D2F9371CE00F22D56 /* PrivacyInfo.xcprivacy in Resources */,
			);
			runOnlyForDeploymentPostprocessing = 0;
		};
/* End PBXResourcesBuildPhase section */

/* Begin PBXShellScriptBuildPhase section */
		C4EDCBB147C77D56629AF2C1 /* [CP] Embed Pods Frameworks */ = {
			isa = PBXShellScriptBuildPhase;
			buildActionMask = 2147483647;
			files = (
			);
			inputFileListPaths = (
				"${PODS_ROOT}/Target Support Files/Pods-HYPrinter/Pods-HYPrinter-frameworks-${CONFIGURATION}-input-files.xcfilelist",
			);
			inputPaths = (
			);
			name = "[CP] Embed Pods Frameworks";
			outputFileListPaths = (
				"${PODS_ROOT}/Target Support Files/Pods-HYPrinter/Pods-HYPrinter-frameworks-${CONFIGURATION}-output-files.xcfilelist",
			);
			outputPaths = (
			);
			runOnlyForDeploymentPostprocessing = 0;
			shellPath = /bin/sh;
			shellScript = "\"${PODS_ROOT}/Target Support Files/Pods-HYPrinter/Pods-HYPrinter-frameworks.sh\"\n";
			showEnvVarsInLog = 0;
		};
		F014D79F32D49B700BCDF72B /* [CP] Check Pods Manifest.lock */ = {
			isa = PBXShellScriptBuildPhase;
			buildActionMask = 2147483647;
			files = (
			);
			inputFileListPaths = (
			);
			inputPaths = (
				"${PODS_PODFILE_DIR_PATH}/Podfile.lock",
				"${PODS_ROOT}/Manifest.lock",
			);
			name = "[CP] Check Pods Manifest.lock";
			outputFileListPaths = (
			);
			outputPaths = (
				"$(DERIVED_FILE_DIR)/Pods-HYPrinter-checkManifestLockResult.txt",
			);
			runOnlyForDeploymentPostprocessing = 0;
			shellPath = /bin/sh;
			shellScript = "diff \"${PODS_PODFILE_DIR_PATH}/Podfile.lock\" \"${PODS_ROOT}/Manifest.lock\" > /dev/null\nif [ $? != 0 ] ; then\n    # print error to STDERR\n    echo \"error: The sandbox is not in sync with the Podfile.lock. Run 'pod install' or update your CocoaPods installation.\" >&2\n    exit 1\nfi\n# This output is used by Xcode 'outputs' to avoid re-running this script phase.\necho \"SUCCESS\" > \"${SCRIPT_OUTPUT_FILE_0}\"\n";
			showEnvVarsInLog = 0;
		};
/* End PBXShellScriptBuildPhase section */

/* Begin PBXSourcesBuildPhase section */
		04BC34212F88A34700567CA7 /* Sources */ = {
			isa = PBXSourcesBuildPhase;
			buildActionMask = 2147483647;
			files = (
			);
			runOnlyForDeploymentPostprocessing = 0;
		};
/* End PBXSourcesBuildPhase section */

/* Begin XCBuildConfiguration section */
		04BC34392F88A34A00567CA7 /* Debug */ = {
			isa = XCBuildConfiguration;
			baseConfigurationReference = CCD9F747FF7B16F527493ABF /* Pods-HYPrinter.debug.xcconfig */;
			buildSettings = {
				ASSETCATALOG_COMPILER_APPICON_NAME = AppIcon;
				ASSETCATALOG_COMPILER_GLOBAL_ACCENT_COLOR_NAME = AccentColor;
				CODE_SIGN_STYLE = Automatic;
				CURRENT_PROJECT_VERSION = 1;
				DEVELOPMENT_TEAM = FQ89HCKDX4;
				GENERATE_INFOPLIST_FILE = YES;
				INFOPLIST_FILE = HYPrinter/Info.plist;
				INFOPLIST_KEY_CFBundleDisplayName = PrintLink;
				INFOPLIST_KEY_NSCameraUsageDescription = "Camera access is required to scan documents.";
				INFOPLIST_KEY_NSContactsUsageDescription = "Contacts access is required to generate printable contact content.";
				INFOPLIST_KEY_NSLocalNetworkUsageDescription = "Local Network access is required to search for available printers.";
				INFOPLIST_KEY_NSPhotoLibraryAddUsageDescription = "Photo Library access is required to save invitation posters.";
				INFOPLIST_KEY_UIApplicationSupportsIndirectInputEvents = YES;
				INFOPLIST_KEY_UILaunchStoryboardName = LaunchScreen;
				INFOPLIST_KEY_UIMainStoryboardFile = Main;
				INFOPLIST_KEY_UISupportedInterfaceOrientations = UIInterfaceOrientationPortrait;
				INFOPLIST_KEY_UISupportedInterfaceOrientations_iPad = "UIInterfaceOrientationLandscapeLeft UIInterfaceOrientationLandscapeRight UIInterfaceOrientationPortrait UIInterfaceOrientationPortraitUpsideDown";
				IPHONEOS_DEPLOYMENT_TARGET = 15.6;
				LD_RUNPATH_SEARCH_PATHS = (
					"$(inherited)",
					"@executable_path/Frameworks",
				);
				MARKETING_VERSION = 1.0;
				PRODUCT_BUNDLE_IDENTIFIER = com.print.PrintLink;
				PRODUCT_NAME = "$(TARGET_NAME)";
				STRING_CATALOG_GENERATE_SYMBOLS = YES;
				SUPPORTED_PLATFORMS = "iphoneos iphonesimulator";
				SUPPORTS_MACCATALYST = NO;
				SUPPORTS_MAC_DESIGNED_FOR_IPHONE_IPAD = NO;
				SUPPORTS_XR_DESIGNED_FOR_IPHONE_IPAD = NO;
				SWIFT_APPROACHABLE_CONCURRENCY = YES;
				SWIFT_DEFAULT_ACTOR_ISOLATION = MainActor;
				SWIFT_EMIT_LOC_STRINGS = YES;
				SWIFT_UPCOMING_FEATURE_MEMBER_IMPORT_VISIBILITY = YES;
				SWIFT_VERSION = 5.0;
				TARGETED_DEVICE_FAMILY = 1;
			};
			name = Debug;
		};
		04BC343A2F88A34A00567CA7 /* Release */ = {
			isa = XCBuildConfiguration;
			baseConfigurationReference = D2914F874F390BF5D08FEBCB /* Pods-HYPrinter.release.xcconfig */;
			buildSettings = {
				ASSETCATALOG_COMPILER_APPICON_NAME = AppIcon;
				ASSETCATALOG_COMPILER_GLOBAL_ACCENT_COLOR_NAME = AccentColor;
				CODE_SIGN_STYLE = Automatic;
				CURRENT_PROJECT_VERSION = 1;
				DEVELOPMENT_TEAM = FQ89HCKDX4;
				GENERATE_INFOPLIST_FILE = YES;
				INFOPLIST_FILE = HYPrinter/Info.plist;
				INFOPLIST_KEY_CFBundleDisplayName = PrintLink;
				INFOPLIST_KEY_NSCameraUsageDescription = "Camera access is required to scan documents.";
				INFOPLIST_KEY_NSContactsUsageDescription = "Contacts access is required to generate printable contact content.";
				INFOPLIST_KEY_NSLocalNetworkUsageDescription = "Local Network access is required to search for available printers.";
				INFOPLIST_KEY_NSPhotoLibraryAddUsageDescription = "Photo Library access is required to save invitation posters.";
				INFOPLIST_KEY_UIApplicationSupportsIndirectInputEvents = YES;
				INFOPLIST_KEY_UILaunchStoryboardName = LaunchScreen;
				INFOPLIST_KEY_UIMainStoryboardFile = Main;
				INFOPLIST_KEY_UISupportedInterfaceOrientations = UIInterfaceOrientationPortrait;
				INFOPLIST_KEY_UISupportedInterfaceOrientations_iPad = "UIInterfaceOrientationLandscapeLeft UIInterfaceOrientationLandscapeRight UIInterfaceOrientationPortrait UIInterfaceOrientationPortraitUpsideDown";
				IPHONEOS_DEPLOYMENT_TARGET = 15.6;
				LD_RUNPATH_SEARCH_PATHS = (
					"$(inherited)",
					"@executable_path/Frameworks",
				);
				MARKETING_VERSION = 1.0;
				PRODUCT_BUNDLE_IDENTIFIER = com.print.PrintLink;
				PRODUCT_NAME = "$(TARGET_NAME)";
				STRING_CATALOG_GENERATE_SYMBOLS = YES;
				SUPPORTED_PLATFORMS = "iphoneos iphonesimulator";
				SUPPORTS_MACCATALYST = NO;
				SUPPORTS_MAC_DESIGNED_FOR_IPHONE_IPAD = NO;
				SUPPORTS_XR_DESIGNED_FOR_IPHONE_IPAD = NO;
				SWIFT_APPROACHABLE_CONCURRENCY = YES;
				SWIFT_DEFAULT_ACTOR_ISOLATION = MainActor;
				SWIFT_EMIT_LOC_STRINGS = YES;
				SWIFT_UPCOMING_FEATURE_MEMBER_IMPORT_VISIBILITY = YES;
				SWIFT_VERSION = 5.0;
				TARGETED_DEVICE_FAMILY = 1;
			};
			name = Release;
		};
		04BC343B2F88A34A00567CA7 /* Debug */ = {
			isa = XCBuildConfiguration;
			buildSettings = {
				ALWAYS_SEARCH_USER_PATHS = NO;
				ASSETCATALOG_COMPILER_GENERATE_SWIFT_ASSET_SYMBOL_EXTENSIONS = YES;
				CLANG_ANALYZER_NONNULL = YES;
				CLANG_ANALYZER_NUMBER_OBJECT_CONVERSION = YES_AGGRESSIVE;
				CLANG_CXX_LANGUAGE_STANDARD = "gnu++20";
				CLANG_ENABLE_MODULES = YES;
				CLANG_ENABLE_OBJC_ARC = YES;
				CLANG_ENABLE_OBJC_WEAK = YES;
				CLANG_WARN_BLOCK_CAPTURE_AUTORELEASING = YES;
				CLANG_WARN_BOOL_CONVERSION = YES;
				CLANG_WARN_COMMA = YES;
				CLANG_WARN_CONSTANT_CONVERSION = YES;
				CLANG_WARN_DEPRECATED_OBJC_IMPLEMENTATIONS = YES;
				CLANG_WARN_DIRECT_OBJC_ISA_USAGE = YES_ERROR;
				CLANG_WARN_DOCUMENTATION_COMMENTS = YES;
				CLANG_WARN_EMPTY_BODY = YES;
				CLANG_WARN_ENUM_CONVERSION = YES;
				CLANG_WARN_INFINITE_RECURSION = YES;
				CLANG_WARN_INT_CONVERSION = YES;
				CLANG_WARN_NON_LITERAL_NULL_CONVERSION = YES;
				CLANG_WARN_OBJC_IMPLICIT_RETAIN_SELF = YES;
				CLANG_WARN_OBJC_LITERAL_CONVERSION = YES;
				CLANG_WARN_OBJC_ROOT_CLASS = YES_ERROR;
				CLANG_WARN_QUOTED_INCLUDE_IN_FRAMEWORK_HEADER = YES;
				CLANG_WARN_RANGE_LOOP_ANALYSIS = YES;
				CLANG_WARN_STRICT_PROTOTYPES = YES;
				CLANG_WARN_SUSPICIOUS_MOVE = YES;
				CLANG_WARN_UNGUARDED_AVAILABILITY = YES_AGGRESSIVE;
				CLANG_WARN_UNREACHABLE_CODE = YES;
				CLANG_WARN__DUPLICATE_METHOD_MATCH = YES;
				COPY_PHASE_STRIP = NO;
				DEBUG_INFORMATION_FORMAT = dwarf;
				ENABLE_STRICT_OBJC_MSGSEND = YES;
				ENABLE_TESTABILITY = YES;
				ENABLE_USER_SCRIPT_SANDBOXING = NO;
				GCC_C_LANGUAGE_STANDARD = gnu17;
				GCC_DYNAMIC_NO_PIC = NO;
				GCC_NO_COMMON_BLOCKS = YES;
				GCC_OPTIMIZATION_LEVEL = 0;
				GCC_PREPROCESSOR_DEFINITIONS = (
					"DEBUG=1",
					"$(inherited)",
				);
				GCC_WARN_64_TO_32_BIT_CONVERSION = YES;
				GCC_WARN_ABOUT_RETURN_TYPE = YES_ERROR;
				GCC_WARN_UNDECLARED_SELECTOR = YES;
				GCC_WARN_UNINITIALIZED_AUTOS = YES_AGGRESSIVE;
				GCC_WARN_UNUSED_FUNCTION = YES;
				GCC_WARN_UNUSED_VARIABLE = YES;
				IPHONEOS_DEPLOYMENT_TARGET = 26.1;
				LOCALIZATION_PREFERS_STRING_CATALOGS = YES;
				MTL_ENABLE_DEBUG_INFO = INCLUDE_SOURCE;
				MTL_FAST_MATH = YES;
				ONLY_ACTIVE_ARCH = YES;
				SDKROOT = iphoneos;
				SWIFT_ACTIVE_COMPILATION_CONDITIONS = "DEBUG $(inherited)";
				SWIFT_OPTIMIZATION_LEVEL = "-Onone";
			};
			name = Debug;
		};
		04BC343C2F88A34A00567CA7 /* Release */ = {
			isa = XCBuildConfiguration;
			buildSettings = {
				ALWAYS_SEARCH_USER_PATHS = NO;
				ASSETCATALOG_COMPILER_GENERATE_SWIFT_ASSET_SYMBOL_EXTENSIONS = YES;
				CLANG_ANALYZER_NONNULL = YES;
				CLANG_ANALYZER_NUMBER_OBJECT_CONVERSION = YES_AGGRESSIVE;
				CLANG_CXX_LANGUAGE_STANDARD = "gnu++20";
				CLANG_ENABLE_MODULES = YES;
				CLANG_ENABLE_OBJC_ARC = YES;
				CLANG_ENABLE_OBJC_WEAK = YES;
				CLANG_WARN_BLOCK_CAPTURE_AUTORELEASING = YES;
				CLANG_WARN_BOOL_CONVERSION = YES;
				CLANG_WARN_COMMA = YES;
				CLANG_WARN_CONSTANT_CONVERSION = YES;
				CLANG_WARN_DEPRECATED_OBJC_IMPLEMENTATIONS = YES;
				CLANG_WARN_DIRECT_OBJC_ISA_USAGE = YES_ERROR;
				CLANG_WARN_DOCUMENTATION_COMMENTS = YES;
				CLANG_WARN_EMPTY_BODY = YES;
				CLANG_WARN_ENUM_CONVERSION = YES;
				CLANG_WARN_INFINITE_RECURSION = YES;
				CLANG_WARN_INT_CONVERSION = YES;
				CLANG_WARN_NON_LITERAL_NULL_CONVERSION = YES;
				CLANG_WARN_OBJC_IMPLICIT_RETAIN_SELF = YES;
				CLANG_WARN_OBJC_LITERAL_CONVERSION = YES;
				CLANG_WARN_OBJC_ROOT_CLASS = YES_ERROR;
				CLANG_WARN_QUOTED_INCLUDE_IN_FRAMEWORK_HEADER = YES;
				CLANG_WARN_RANGE_LOOP_ANALYSIS = YES;
				CLANG_WARN_STRICT_PROTOTYPES = YES;
				CLANG_WARN_SUSPICIOUS_MOVE = YES;
				CLANG_WARN_UNGUARDED_AVAILABILITY = YES_AGGRESSIVE;
				CLANG_WARN_UNREACHABLE_CODE = YES;
				CLANG_WARN__DUPLICATE_METHOD_MATCH = YES;
				COPY_PHASE_STRIP = NO;
				DEBUG_INFORMATION_FORMAT = "dwarf-with-dsym";
				ENABLE_NS_ASSERTIONS = NO;
				ENABLE_STRICT_OBJC_MSGSEND = YES;
				ENABLE_USER_SCRIPT_SANDBOXING = NO;
				GCC_C_LANGUAGE_STANDARD = gnu17;
				GCC_NO_COMMON_BLOCKS = YES;
				GCC_WARN_64_TO_32_BIT_CONVERSION = YES;
				GCC_WARN_ABOUT_RETURN_TYPE = YES_ERROR;
				GCC_WARN_UNDECLARED_SELECTOR = YES;
				GCC_WARN_UNINITIALIZED_AUTOS = YES_AGGRESSIVE;
				GCC_WARN_UNUSED_FUNCTION = YES;
				GCC_WARN_UNUSED_VARIABLE = YES;
				IPHONEOS_DEPLOYMENT_TARGET = 26.1;
				LOCALIZATION_PREFERS_STRING_CATALOGS = YES;
				MTL_ENABLE_DEBUG_INFO = NO;
				MTL_FAST_MATH = YES;
				SDKROOT = iphoneos;
				SWIFT_COMPILATION_MODE = wholemodule;
				VALIDATE_PRODUCT = YES;
			};
			name = Release;
		};
/* End XCBuildConfiguration section */

/* Begin XCConfigurationList section */
		04BC34202F88A34700567CA7 /* Build configuration list for PBXProject "HYPrinter" */ = {
			isa = XCConfigurationList;
			buildConfigurations = (
				04BC343B2F88A34A00567CA7 /* Debug */,
				04BC343C2F88A34A00567CA7 /* Release */,
			);
			defaultConfigurationIsVisible = 0;
			defaultConfigurationName = Release;
		};
		04BC34382F88A34A00567CA7 /* Build configuration list for PBXNativeTarget "HYPrinter" */ = {
			isa = XCConfigurationList;
			buildConfigurations = (
				04BC34392F88A34A00567CA7 /* Debug */,
				04BC343A2F88A34A00567CA7 /* Release */,
			);
			defaultConfigurationIsVisible = 0;
			defaultConfigurationName = Release;
		};
/* End XCConfigurationList section */

/* Begin XCRemoteSwiftPackageReference section */
		04BC366C2F88AA1500567CA7 /* XCRemoteSwiftPackageReference "JKSwiftExtension" */ = {
			isa = XCRemoteSwiftPackageReference;
			repositoryURL = "https://github.com/JoanKing/JKSwiftExtension.git";
			requirement = {
				kind = upToNextMajorVersion;
				minimumVersion = 2.0.0;
			};
		};
		04BC3CF12F8C86C500567CA7 /* XCRemoteSwiftPackageReference "ZLImageEditor" */ = {
			isa = XCRemoteSwiftPackageReference;
			repositoryURL = "https://github.com/longitachi/ZLImageEditor.git";
			requirement = {
				kind = upToNextMajorVersion;
				minimumVersion = 2.0.6;
			};
		};
/* End XCRemoteSwiftPackageReference section */

/* Begin XCSwiftPackageProductDependency section */
		04BC366D2F88AA1500567CA7 /* JKSwiftExtension */ = {
			isa = XCSwiftPackageProductDependency;
			package = 04BC366C2F88AA1500567CA7 /* XCRemoteSwiftPackageReference "JKSwiftExtension" */;
			productName = JKSwiftExtension;
		};
		04BC3CF22F8C86C500567CA7 /* ZLImageEditor */ = {
			isa = XCSwiftPackageProductDependency;
			package = 04BC3CF12F8C86C500567CA7 /* XCRemoteSwiftPackageReference "ZLImageEditor" */;
			productName = ZLImageEditor;
		};
/* End XCSwiftPackageProductDependency section */
	};
	rootObject = 04BC341D2F88A34700567CA7 /* Project object */;
}
