{
  "originHash" : "de311a1c5732de831de8dd96192fcc09c2013ad412ad6d2f836fd711f6708c16",
  "pins" : [
    {
      "identity" : "jkswiftextension",
      "kind" : "remoteSourceControl",
      "location" : "https://github.com/JoanKing/JKSwiftExtension.git",
      "state" : {
        "revision" : "f6dd3aaae947d25a81e918efae271edc2ce1069b",
        "version" : "2.8.11"
      }
    },
    {
      "identity" : "zlimageeditor",
      "kind" : "remoteSourceControl",
      "location" : "https://github.com/longitachi/ZLImageEditor.git",
      "state" : {
        "revision" : "5927f750e15887963f87d689db72ab0a41fbb75e",
        "version" : "2.0.6"
      }
    }
  ],
  "version" : 3
}
